
Microsoft Visual Studio Solution File, Format Version 12.00
# Visual Studio Version 16
VisualStudioVersion = 16.0.31702.278
MinimumVisualStudioVersion = 10.0.40219.1
Project("{FAE04EC0-301F-11D3-BF4B-00C04F79EFBC}") = "Fabric", "Fabric\Fabric.csproj", "{DD4A4DED-52F4-43F5-8862-00859E8E05F4}"
EndProject
Global
	GlobalSection(SolutionConfigurationPlatforms) = preSolution
		Debug|Any CPU = Debug|Any CPU
		Release|Any CPU = Release|Any CPU
	EndGlobalSection
	GlobalSection(ProjectConfigurationPlatforms) = postSolution
		{DD4A4DED-52F4-43F5-8862-00859E8E05F4}.Debug|Any CPU.ActiveCfg = Debug|Any CPU
		{DD4A4DED-52F4-43F5-8862-00859E8E05F4}.Debug|Any CPU.Build.0 = Debug|Any CPU
		{DD4A4DED-52F4-43F5-8862-00859E8E05F4}.Release|Any CPU.ActiveCfg = Release|Any CPU
		{DD4A4DED-52F4-43F5-8862-00859E8E05F4}.Release|Any CPU.Build.0 = Release|Any CPU
	EndGlobalSection
	GlobalSection(SolutionProperties) = preSolution
		HideSolutionNode = FALSE
	EndGlobalSection
	GlobalSection(ExtensibilityGlobals) = postSolution
		SolutionGuid = {446AA846-8D3F-4477-B1D3-CA1AD109313F}
	EndGlobalSection
EndGlobal
