
Microsoft Visual Studio Solution File, Format Version 12.00
# Visual Studio Version 16
VisualStudioVersion = 16.0.31702.278
MinimumVisualStudioVersion = 10.0.40219.1
Project("{FAE04EC0-301F-11D3-BF4B-00C04F79EFBC}") = "Facade", "Facade\Facade.csproj", "{5807641F-1E4B-4096-90D0-5E81F012524C}"
EndProject
Global
	GlobalSection(SolutionConfigurationPlatforms) = preSolution
		Debug|Any CPU = Debug|Any CPU
		Release|Any CPU = Release|Any CPU
	EndGlobalSection
	GlobalSection(ProjectConfigurationPlatforms) = postSolution
		{5807641F-1E4B-4096-90D0-5E81F012524C}.Debug|Any CPU.ActiveCfg = Debug|Any CPU
		{5807641F-1E4B-4096-90D0-5E81F012524C}.Debug|Any CPU.Build.0 = Debug|Any CPU
		{5807641F-1E4B-4096-90D0-5E81F012524C}.Release|Any CPU.ActiveCfg = Release|Any CPU
		{5807641F-1E4B-4096-90D0-5E81F012524C}.Release|Any CPU.Build.0 = Release|Any CPU
	EndGlobalSection
	GlobalSection(SolutionProperties) = preSolution
		HideSolutionNode = FALSE
	EndGlobalSection
	GlobalSection(ExtensibilityGlobals) = postSolution
		SolutionGuid = {1186E258-1229-4493-A63B-836AC8486D3D}
	EndGlobalSection
EndGlobal
