
Microsoft Visual Studio Solution File, Format Version 12.00
# Visual Studio Version 16
VisualStudioVersion = 16.0.31702.278
MinimumVisualStudioVersion = 10.0.40219.1
Project("{FAE04EC0-301F-11D3-BF4B-00C04F79EFBC}") = "Singleton", "Singleton\Singleton.csproj", "{9C0BD8FC-5E9E-4FE2-AFE7-EF26EFEBC5DC}"
EndProject
Global
	GlobalSection(SolutionConfigurationPlatforms) = preSolution
		Debug|Any CPU = Debug|Any CPU
		Release|Any CPU = Release|Any CPU
	EndGlobalSection
	GlobalSection(ProjectConfigurationPlatforms) = postSolution
		{9C0BD8FC-5E9E-4FE2-AFE7-EF26EFEBC5DC}.Debug|Any CPU.ActiveCfg = Debug|Any CPU
		{9C0BD8FC-5E9E-4FE2-AFE7-EF26EFEBC5DC}.Debug|Any CPU.Build.0 = Debug|Any CPU
		{9C0BD8FC-5E9E-4FE2-AFE7-EF26EFEBC5DC}.Release|Any CPU.ActiveCfg = Release|Any CPU
		{9C0BD8FC-5E9E-4FE2-AFE7-EF26EFEBC5DC}.Release|Any CPU.Build.0 = Release|Any CPU
	EndGlobalSection
	GlobalSection(SolutionProperties) = preSolution
		HideSolutionNode = FALSE
	EndGlobalSection
	GlobalSection(ExtensibilityGlobals) = postSolution
		SolutionGuid = {516A4BC0-C4D1-4094-A84D-06F20C384CC3}
	EndGlobalSection
EndGlobal
